
Microsoft Visual Studio Solution File, Format Version 12.00
# Visual Studio Version 16
VisualStudioVersion = 16.0.30128.74
MinimumVisualStudioVersion = 10.0.40219.1
Project("{FAE04EC0-301F-11D3-BF4B-00C04F79EFBC}") = "WpfApp1", "WpfApp1.csproj", "{26CBB06F-75F5-43BF-AA5A-353F4969C9E7}"
EndProject
Global
	GlobalSection(SolutionConfigurationPlatforms) = preSolution
		Debug|Any CPU = Debug|Any CPU
		Debug|x64 = Debug|x64
		Release|Any CPU = Release|Any CPU
		Release|x64 = Release|x64
	EndGlobalSection
	GlobalSection(ProjectConfigurationPlatforms) = postSolution
		{26CBB06F-75F5-43BF-AA5A-353F4969C9E7}.Debug|Any CPU.ActiveCfg = Debug|Any CPU
		{26CBB06F-75F5-43BF-AA5A-353F4969C9E7}.Debug|Any CPU.Build.0 = Debug|Any CPU
		{26CBB06F-75F5-43BF-AA5A-353F4969C9E7}.Debug|x64.ActiveCfg = Debug|x64
		{26CBB06F-75F5-43BF-AA5A-353F4969C9E7}.Debug|x64.Build.0 = Debug|x64
		{26CBB06F-75F5-43BF-AA5A-353F4969C9E7}.Release|Any CPU.ActiveCfg = Release|Any CPU
		{26CBB06F-75F5-43BF-AA5A-353F4969C9E7}.Release|Any CPU.Build.0 = Release|Any CPU
		{26CBB06F-75F5-43BF-AA5A-353F4969C9E7}.Release|x64.ActiveCfg = Release|x64
		{26CBB06F-75F5-43BF-AA5A-353F4969C9E7}.Release|x64.Build.0 = Release|x64
	EndGlobalSection
	GlobalSection(SolutionProperties) = preSolution
		HideSolutionNode = FALSE
	EndGlobalSection
	GlobalSection(ExtensibilityGlobals) = postSolution
		SolutionGuid = {FC9AE145-06F2-4A80-88C9-6968F6F50F50}
	EndGlobalSection
EndGlobal
